{
	"name": "@meils/form-render-core",
	"version": "0.0.1",
	"lockfileVersion": 1,
	"requires": true,
	"dependencies": {
		"ajv": {
			"version": "8.7.1",
			"resolved": "http://registry.npm.luojilab.com/ajv/-/ajv-8.7.1.tgz",
			"integrity": "sha1-Ur5vFzawdgdHmBJCk2GPEyrQen4=",
			"dev": true,
			"requires": {
				"fast-deep-equal": "^3.1.1",
				"json-schema-traverse": "^1.0.0",
				"require-from-string": "^2.0.2",
				"uri-js": "^4.2.2"
			}
		},
		"fast-deep-equal": {
			"version": "3.1.3",
			"resolved": "http://registry.npm.luojilab.com/fast-deep-equal/-/fast-deep-equal-3.1.3.tgz",
			"integrity": "sha1-On1WtVnWy8PrUSMlJE5hmmXGxSU=",
			"dev": true
		},
		"json-schema-traverse": {
			"version": "1.0.0",
			"resolved": "http://registry.npm.luojilab.com/json-schema-traverse/-/json-schema-traverse-1.0.0.tgz",
			"integrity": "sha1-rnvLNlard6c7pcSb9lTzjmtoYOI=",
			"dev": true
		},
		"punycode": {
			"version": "2.1.1",
			"resolved": "http://registry.npm.luojilab.com/punycode/-/punycode-2.1.1.tgz",
			"integrity": "sha512-XRsRjdf+j5ml+y/6GKHPZbrF/8p2Yga0JPtdqTIY2Xe5ohJPD9saDJJLPvp9+NSBprVvevdXZybnj2cv8OEd0A==",
			"dev": true
		},
		"require-from-string": {
			"version": "2.0.2",
			"resolved": "http://registry.npm.luojilab.com/require-from-string/-/require-from-string-2.0.2.tgz",
			"integrity": "sha512-Xf0nWe6RseziFMu+Ap9biiUbmplq6S9/p+7w7YXP/JBHhrUDDUhwa+vANyubuqfZWTveU//DYVGsDG7RKL/vEw==",
			"dev": true
		},
		"uri-js": {
			"version": "4.4.1",
			"resolved": "http://registry.npm.luojilab.com/uri-js/-/uri-js-4.4.1.tgz",
			"integrity": "sha1-mxpSWVIlhZ5V9mnZKPiMbFfyp34=",
			"dev": true,
			"requires": {
				"punycode": "^2.1.0"
			}
		},
		"vue": {
			"version": "2.6.14",
			"resolved": "http://registry.npm.luojilab.com/vue/-/vue-2.6.14.tgz",
			"integrity": "sha1-5RqlJQJQ1Wmj+606ilpofWA24jU=",
			"dev": true
		},
		"vue-class-component": {
			"version": "7.2.6",
			"resolved": "http://registry.npm.luojilab.com/vue-class-component/-/vue-class-component-7.2.6.tgz",
			"integrity": "sha1-hHHgN7jkdi9aRkaG4Z5a/HCFAuQ=",
			"dev": true
		},
		"vue-property-decorator": {
			"version": "9.1.2",
			"resolved": "http://registry.npm.luojilab.com/vue-property-decorator/-/vue-property-decorator-9.1.2.tgz",
			"integrity": "sha1-JmourGG6ZSfi5oppM8+5j92rVFc=",
			"dev": true
		}
	}
}
