{
	"name": "@iget/form-render-element",
	"version": "0.0.2",
	"lockfileVersion": 1,
	"requires": true,
	"dependencies": {
		"vue": {
			"version": "2.6.14",
			"resolved": "http://registry.npm.luojilab.com/vue/-/vue-2.6.14.tgz",
			"integrity": "sha1-5RqlJQJQ1Wmj+606ilpofWA24jU=",
			"dev": true
		}
	}
}
